// !$*UTF8*$!
{
	archiveVersion = 1;
	classes = {
	};
	objectVersion = 56;
	objects = {

/* Begin PBXBuildFile section */
		21007D1A296B8D5D00D1A44B /* main.swift in Sources */ = {isa = PBXBuildFile; fileRef = 21007D19296B8D5D00D1A44B /* main.swift */; };
		21007D21296B935800D1A44B /* JSBIconVariation.swift in Sources */ = {isa = PBXBuildFile; fileRef = 21007D1F296B8F6A00D1A44B /* JSBIconVariation.swift */; };
		21007D23296B9E9000D1A44B /* NSImage+pngData.swift in Sources */ = {isa = PBXBuildFile; fileRef = 21007D22296B9E9000D1A44B /* NSImage+pngData.swift */; };
		21007D25296B9F3300D1A44B /* JSBColor+NSColor.swift in Sources */ = {isa = PBXBuildFile; fileRef = 21007D24296B9F3300D1A44B /* JSBColor+NSColor.swift */; };
		21007D27296BA70000D1A44B /* JSBColor.swift in Sources */ = {isa = PBXBuildFile; fileRef = 21007D26296BA70000D1A44B /* JSBColor.swift */; };
		21007D2F296BAF4400D1A44B /* JSBAppDelegate.swift in Sources */ = {isa = PBXBuildFile; fileRef = 21007D2E296BAF4400D1A44B /* JSBAppDelegate.swift */; };
		21007D31296BAF4400D1A44B /* JSBSceneDelegate.swift in Sources */ = {isa = PBXBuildFile; fileRef = 21007D30296BAF4400D1A44B /* JSBSceneDelegate.swift */; };
		21007D33296BAF4400D1A44B /* JSBIconSelectionViewController.swift in Sources */ = {isa = PBXBuildFile; fileRef = 21007D32296BAF4400D1A44B /* JSBIconSelectionViewController.swift */; };
		21007D38296BAF4700D1A44B /* Assets.xcassets in Resources */ = {isa = PBXBuildFile; fileRef = 21007D37296BAF4700D1A44B /* Assets.xcassets */; };
		21007D3B296BAF4700D1A44B /* LaunchScreen.storyboard in Resources */ = {isa = PBXBuildFile; fileRef = 21007D39296BAF4700D1A44B /* LaunchScreen.storyboard */; };
		21007D46296BAF4700D1A44B /* IconsTests.swift in Sources */ = {isa = PBXBuildFile; fileRef = 21007D45296BAF4700D1A44B /* IconsTests.swift */; };
		21007D5D296BB96000D1A44B /* JSBIconCell.swift in Sources */ = {isa = PBXBuildFile; fileRef = 21007D5C296BB96000D1A44B /* JSBIconCell.swift */; };
		21007D5F296BB9BE00D1A44B /* UIBezierPath+Superellipse.swift in Sources */ = {isa = PBXBuildFile; fileRef = 21007D5E296BB9BE00D1A44B /* UIBezierPath+Superellipse.swift */; };
		21007D60296BB9E700D1A44B /* JSBIconVariation.swift in Sources */ = {isa = PBXBuildFile; fileRef = 21007D1F296B8F6A00D1A44B /* JSBIconVariation.swift */; };
		21007D62296BB9EF00D1A44B /* JSBColor.swift in Sources */ = {isa = PBXBuildFile; fileRef = 21007D26296BA70000D1A44B /* JSBColor.swift */; };
		21007D64296BBE2400D1A44B /* JSBColor+UIColor.swift in Sources */ = {isa = PBXBuildFile; fileRef = 21007D63296BBE2400D1A44B /* JSBColor+UIColor.swift */; };
		21007D66296BC1C300D1A44B /* JSBColumnFlowLayout.swift in Sources */ = {isa = PBXBuildFile; fileRef = 21007D65296BC1C300D1A44B /* JSBColumnFlowLayout.swift */; };
/* End PBXBuildFile section */

/* Begin PBXContainerItemProxy section */
		21007D42296BAF4700D1A44B /* PBXContainerItemProxy */ = {
			isa = PBXContainerItemProxy;
			containerPortal = 21007CDD296B8D3E00D1A44B /* Project object */;
			proxyType = 1;
			remoteGlobalIDString = 21007D2B296BAF4400D1A44B;
			remoteInfo = Icons;
		};
/* End PBXContainerItemProxy section */

/* Begin PBXCopyFilesBuildPhase section */
		21007D15296B8D5D00D1A44B /* CopyFiles */ = {
			isa = PBXCopyFilesBuildPhase;
			buildActionMask = 2147483647;
			dstPath = /usr/share/man/man1/;
			dstSubfolderSpec = 0;
			files = (
			);
			runOnlyForDeploymentPostprocessing = 1;
		};
/* End PBXCopyFilesBuildPhase section */

/* Begin PBXFileReference section */
		21007D17296B8D5D00D1A44B /* IconFileGenerator */ = {isa = PBXFileReference; explicitFileType = "compiled.mach-o.executable"; includeInIndex = 0; path = IconFileGenerator; sourceTree = BUILT_PRODUCTS_DIR; };
		21007D19296B8D5D00D1A44B /* main.swift */ = {isa = PBXFileReference; lastKnownFileType = sourcecode.swift; path = main.swift; sourceTree = "<group>"; };
		21007D1F296B8F6A00D1A44B /* JSBIconVariation.swift */ = {isa = PBXFileReference; lastKnownFileType = sourcecode.swift; path = JSBIconVariation.swift; sourceTree = "<group>"; };
		21007D22296B9E9000D1A44B /* NSImage+pngData.swift */ = {isa = PBXFileReference; lastKnownFileType = sourcecode.swift; path = "NSImage+pngData.swift"; sourceTree = "<group>"; };
		21007D24296B9F3300D1A44B /* JSBColor+NSColor.swift */ = {isa = PBXFileReference; lastKnownFileType = sourcecode.swift; path = "JSBColor+NSColor.swift"; sourceTree = "<group>"; };
		21007D26296BA70000D1A44B /* JSBColor.swift */ = {isa = PBXFileReference; lastKnownFileType = sourcecode.swift; path = JSBColor.swift; sourceTree = "<group>"; };
		21007D2C296BAF4400D1A44B /* Icons.app */ = {isa = PBXFileReference; explicitFileType = wrapper.application; includeInIndex = 0; path = Icons.app; sourceTree = BUILT_PRODUCTS_DIR; };
		21007D2E296BAF4400D1A44B /* JSBAppDelegate.swift */ = {isa = PBXFileReference; lastKnownFileType = sourcecode.swift; path = JSBAppDelegate.swift; sourceTree = "<group>"; };
		21007D30296BAF4400D1A44B /* JSBSceneDelegate.swift */ = {isa = PBXFileReference; lastKnownFileType = sourcecode.swift; path = JSBSceneDelegate.swift; sourceTree = "<group>"; };
		21007D32296BAF4400D1A44B /* JSBIconSelectionViewController.swift */ = {isa = PBXFileReference; lastKnownFileType = sourcecode.swift; path = JSBIconSelectionViewController.swift; sourceTree = "<group>"; };
		21007D37296BAF4700D1A44B /* Assets.xcassets */ = {isa = PBXFileReference; lastKnownFileType = folder.assetcatalog; path = Assets.xcassets; sourceTree = "<group>"; };
		21007D3A296BAF4700D1A44B /* Base */ = {isa = PBXFileReference; lastKnownFileType = file.storyboard; name = Base; path = Base.lproj/LaunchScreen.storyboard; sourceTree = "<group>"; };
		21007D3C296BAF4700D1A44B /* Info.plist */ = {isa = PBXFileReference; lastKnownFileType = text.plist.xml; path = Info.plist; sourceTree = "<group>"; };
		21007D41296BAF4700D1A44B /* IconsTests.xctest */ = {isa = PBXFileReference; explicitFileType = wrapper.cfbundle; includeInIndex = 0; path = IconsTests.xctest; sourceTree = BUILT_PRODUCTS_DIR; };
		21007D45296BAF4700D1A44B /* IconsTests.swift */ = {isa = PBXFileReference; lastKnownFileType = sourcecode.swift; path = IconsTests.swift; sourceTree = "<group>"; };
		21007D5C296BB96000D1A44B /* JSBIconCell.swift */ = {isa = PBXFileReference; lastKnownFileType = sourcecode.swift; path = JSBIconCell.swift; sourceTree = "<group>"; };
		21007D5E296BB9BE00D1A44B /* UIBezierPath+Superellipse.swift */ = {isa = PBXFileReference; lastKnownFileType = sourcecode.swift; path = "UIBezierPath+Superellipse.swift"; sourceTree = "<group>"; };
		21007D63296BBE2400D1A44B /* JSBColor+UIColor.swift */ = {isa = PBXFileReference; lastKnownFileType = sourcecode.swift; path = "JSBColor+UIColor.swift"; sourceTree = "<group>"; };
		21007D65296BC1C300D1A44B /* JSBColumnFlowLayout.swift */ = {isa = PBXFileReference; lastKnownFileType = sourcecode.swift; path = JSBColumnFlowLayout.swift; sourceTree = "<group>"; };
/* End PBXFileReference section */

/* Begin PBXFrameworksBuildPhase section */
		21007D14296B8D5D00D1A44B /* Frameworks */ = {
			isa = PBXFrameworksBuildPhase;
			buildActionMask = 2147483647;
			files = (
			);
			runOnlyForDeploymentPostprocessing = 0;
		};
		21007D29296BAF4400D1A44B /* Frameworks */ = {
			isa = PBXFrameworksBuildPhase;
			buildActionMask = 2147483647;
			files = (
			);
			runOnlyForDeploymentPostprocessing = 0;
		};
		21007D3E296BAF4700D1A44B /* Frameworks */ = {
			isa = PBXFrameworksBuildPhase;
			buildActionMask = 2147483647;
			files = (
			);
			runOnlyForDeploymentPostprocessing = 0;
		};
/* End PBXFrameworksBuildPhase section */

/* Begin PBXGroup section */
		21007CDC296B8D3E00D1A44B = {
			isa = PBXGroup;
			children = (
				21007D2D296BAF4400D1A44B /* Icons */,
				21007D44296BAF4700D1A44B /* IconsTests */,
				21007D18296B8D5D00D1A44B /* IconFileGenerator */,
				21007D1E296B8F3300D1A44B /* Shared */,
				21007CE6296B8D3E00D1A44B /* Products */,
			);
			sourceTree = "<group>";
		};
		21007CE6296B8D3E00D1A44B /* Products */ = {
			isa = PBXGroup;
			children = (
				21007D17296B8D5D00D1A44B /* IconFileGenerator */,
				21007D2C296BAF4400D1A44B /* Icons.app */,
				21007D41296BAF4700D1A44B /* IconsTests.xctest */,
			);
			name = Products;
			sourceTree = "<group>";
		};
		21007D18296B8D5D00D1A44B /* IconFileGenerator */ = {
			isa = PBXGroup;
			children = (
				21007D19296B8D5D00D1A44B /* main.swift */,
				21007D22296B9E9000D1A44B /* NSImage+pngData.swift */,
				21007D24296B9F3300D1A44B /* JSBColor+NSColor.swift */,
			);
			path = IconFileGenerator;
			sourceTree = "<group>";
		};
		21007D1E296B8F3300D1A44B /* Shared */ = {
			isa = PBXGroup;
			children = (
				21007D1F296B8F6A00D1A44B /* JSBIconVariation.swift */,
				21007D26296BA70000D1A44B /* JSBColor.swift */,
			);
			path = Shared;
			sourceTree = "<group>";
		};
		21007D2D296BAF4400D1A44B /* Icons */ = {
			isa = PBXGroup;
			children = (
				21277377296CCB7C0045506D /* App and Scene Delegates */,
				21277378296CCB970045506D /* Icon Selection View Controller */,
				21277379296CCBAD0045506D /* Extensions */,
				21007D37296BAF4700D1A44B /* Assets.xcassets */,
				21007D39296BAF4700D1A44B /* LaunchScreen.storyboard */,
				21007D3C296BAF4700D1A44B /* Info.plist */,
			);
			path = Icons;
			sourceTree = "<group>";
		};
		21007D44296BAF4700D1A44B /* IconsTests */ = {
			isa = PBXGroup;
			children = (
				21007D45296BAF4700D1A44B /* IconsTests.swift */,
			);
			path = IconsTests;
			sourceTree = "<group>";
		};
		21277377296CCB7C0045506D /* App and Scene Delegates */ = {
			isa = PBXGroup;
			children = (
				21007D2E296BAF4400D1A44B /* JSBAppDelegate.swift */,
				21007D30296BAF4400D1A44B /* JSBSceneDelegate.swift */,
			);
			path = "App and Scene Delegates";
			sourceTree = "<group>";
		};
		21277378296CCB970045506D /* Icon Selection View Controller */ = {
			isa = PBXGroup;
			children = (
				21007D32296BAF4400D1A44B /* JSBIconSelectionViewController.swift */,
				21007D65296BC1C300D1A44B /* JSBColumnFlowLayout.swift */,
				21007D5C296BB96000D1A44B /* JSBIconCell.swift */,
			);
			path = "Icon Selection View Controller";
			sourceTree = "<group>";
		};
		21277379296CCBAD0045506D /* Extensions */ = {
			isa = PBXGroup;
			children = (
				21007D5E296BB9BE00D1A44B /* UIBezierPath+Superellipse.swift */,
				21007D63296BBE2400D1A44B /* JSBColor+UIColor.swift */,
			);
			path = Extensions;
			sourceTree = "<group>";
		};
/* End PBXGroup section */

/* Begin PBXNativeTarget section */
		21007D16296B8D5D00D1A44B /* IconFileGenerator */ = {
			isa = PBXNativeTarget;
			buildConfigurationList = 21007D1B296B8D5D00D1A44B /* Build configuration list for PBXNativeTarget "IconFileGenerator" */;
			buildPhases = (
				21007D13296B8D5D00D1A44B /* Sources */,
				21007D14296B8D5D00D1A44B /* Frameworks */,
				21007D15296B8D5D00D1A44B /* CopyFiles */,
			);
			buildRules = (
			);
			dependencies = (
			);
			name = IconFileGenerator;
			productName = IconFileGenerator;
			productReference = 21007D17296B8D5D00D1A44B /* IconFileGenerator */;
			productType = "com.apple.product-type.tool";
		};
		21007D2B296BAF4400D1A44B /* Icons */ = {
			isa = PBXNativeTarget;
			buildConfigurationList = 21007D53296BAF4800D1A44B /* Build configuration list for PBXNativeTarget "Icons" */;
			buildPhases = (
				21007D28296BAF4400D1A44B /* Sources */,
				21007D29296BAF4400D1A44B /* Frameworks */,
				21007D2A296BAF4400D1A44B /* Resources */,
			);
			buildRules = (
			);
			dependencies = (
			);
			name = Icons;
			productName = Icons;
			productReference = 21007D2C296BAF4400D1A44B /* Icons.app */;
			productType = "com.apple.product-type.application";
		};
		21007D40296BAF4700D1A44B /* IconsTests */ = {
			isa = PBXNativeTarget;
			buildConfigurationList = 21007D56296BAF4800D1A44B /* Build configuration list for PBXNativeTarget "IconsTests" */;
			buildPhases = (
				21007D3D296BAF4700D1A44B /* Sources */,
				21007D3E296BAF4700D1A44B /* Frameworks */,
				21007D3F296BAF4700D1A44B /* Resources */,
			);
			buildRules = (
			);
			dependencies = (
				21007D43296BAF4700D1A44B /* PBXTargetDependency */,
			);
			name = IconsTests;
			productName = IconsTests;
			productReference = 21007D41296BAF4700D1A44B /* IconsTests.xctest */;
			productType = "com.apple.product-type.bundle.unit-test";
		};
/* End PBXNativeTarget section */

/* Begin PBXProject section */
		21007CDD296B8D3E00D1A44B /* Project object */ = {
			isa = PBXProject;
			attributes = {
				BuildIndependentTargetsInParallel = 1;
				LastSwiftUpdateCheck = 1420;
				LastUpgradeCheck = 1420;
				TargetAttributes = {
					21007D16296B8D5D00D1A44B = {
						CreatedOnToolsVersion = 14.2;
					};
					21007D2B296BAF4400D1A44B = {
						CreatedOnToolsVersion = 14.2;
					};
					21007D40296BAF4700D1A44B = {
						CreatedOnToolsVersion = 14.2;
						TestTargetID = 21007D2B296BAF4400D1A44B;
					};
				};
			};
			buildConfigurationList = 21007CE0296B8D3E00D1A44B /* Build configuration list for PBXProject "Icons" */;
			compatibilityVersion = "Xcode 14.0";
			developmentRegion = en;
			hasScannedForEncodings = 0;
			knownRegions = (
				en,
				Base,
			);
			mainGroup = 21007CDC296B8D3E00D1A44B;
			productRefGroup = 21007CE6296B8D3E00D1A44B /* Products */;
			projectDirPath = "";
			projectRoot = "";
			targets = (
				21007D2B296BAF4400D1A44B /* Icons */,
				21007D40296BAF4700D1A44B /* IconsTests */,
				21007D16296B8D5D00D1A44B /* IconFileGenerator */,
			);
		};
/* End PBXProject section */

/* Begin PBXResourcesBuildPhase section */
		21007D2A296BAF4400D1A44B /* Resources */ = {
			isa = PBXResourcesBuildPhase;
			buildActionMask = 2147483647;
			files = (
				21007D3B296BAF4700D1A44B /* LaunchScreen.storyboard in Resources */,
				21007D38296BAF4700D1A44B /* Assets.xcassets in Resources */,
			);
			runOnlyForDeploymentPostprocessing = 0;
		};
		21007D3F296BAF4700D1A44B /* Resources */ = {
			isa = PBXResourcesBuildPhase;
			buildActionMask = 2147483647;
			files = (
			);
			runOnlyForDeploymentPostprocessing = 0;
		};
/* End PBXResourcesBuildPhase section */

/* Begin PBXSourcesBuildPhase section */
		21007D13296B8D5D00D1A44B /* Sources */ = {
			isa = PBXSourcesBuildPhase;
			buildActionMask = 2147483647;
			files = (
				21007D21296B935800D1A44B /* JSBIconVariation.swift in Sources */,
				21007D27296BA70000D1A44B /* JSBColor.swift in Sources */,
				21007D1A296B8D5D00D1A44B /* main.swift in Sources */,
				21007D25296B9F3300D1A44B /* JSBColor+NSColor.swift in Sources */,
				21007D23296B9E9000D1A44B /* NSImage+pngData.swift in Sources */,
			);
			runOnlyForDeploymentPostprocessing = 0;
		};
		21007D28296BAF4400D1A44B /* Sources */ = {
			isa = PBXSourcesBuildPhase;
			buildActionMask = 2147483647;
			files = (
				21007D33296BAF4400D1A44B /* JSBIconSelectionViewController.swift in Sources */,
				21007D66296BC1C300D1A44B /* JSBColumnFlowLayout.swift in Sources */,
				21007D2F296BAF4400D1A44B /* JSBAppDelegate.swift in Sources */,
				21007D62296BB9EF00D1A44B /* JSBColor.swift in Sources */,
				21007D64296BBE2400D1A44B /* JSBColor+UIColor.swift in Sources */,
				21007D5F296BB9BE00D1A44B /* UIBezierPath+Superellipse.swift in Sources */,
				21007D5D296BB96000D1A44B /* JSBIconCell.swift in Sources */,
				21007D60296BB9E700D1A44B /* JSBIconVariation.swift in Sources */,
				21007D31296BAF4400D1A44B /* JSBSceneDelegate.swift in Sources */,
			);
			runOnlyForDeploymentPostprocessing = 0;
		};
		21007D3D296BAF4700D1A44B /* Sources */ = {
			isa = PBXSourcesBuildPhase;
			buildActionMask = 2147483647;
			files = (
				21007D46296BAF4700D1A44B /* IconsTests.swift in Sources */,
			);
			runOnlyForDeploymentPostprocessing = 0;
		};
/* End PBXSourcesBuildPhase section */

/* Begin PBXTargetDependency section */
		21007D43296BAF4700D1A44B /* PBXTargetDependency */ = {
			isa = PBXTargetDependency;
			target = 21007D2B296BAF4400D1A44B /* Icons */;
			targetProxy = 21007D42296BAF4700D1A44B /* PBXContainerItemProxy */;
		};
/* End PBXTargetDependency section */

/* Begin PBXVariantGroup section */
		21007D39296BAF4700D1A44B /* LaunchScreen.storyboard */ = {
			isa = PBXVariantGroup;
			children = (
				21007D3A296BAF4700D1A44B /* Base */,
			);
			name = LaunchScreen.storyboard;
			sourceTree = "<group>";
		};
/* End PBXVariantGroup section */

/* Begin XCBuildConfiguration section */
		21007D08296B8D3F00D1A44B /* Debug */ = {
			isa = XCBuildConfiguration;
			buildSettings = {
				ALWAYS_SEARCH_USER_PATHS = NO;
				CLANG_ANALYZER_NONNULL = YES;
				CLANG_ANALYZER_NUMBER_OBJECT_CONVERSION = YES_AGGRESSIVE;
				CLANG_CXX_LANGUAGE_STANDARD = "gnu++20";
				CLANG_ENABLE_MODULES = YES;
				CLANG_ENABLE_OBJC_ARC = YES;
				CLANG_ENABLE_OBJC_WEAK = YES;
				CLANG_WARN_BLOCK_CAPTURE_AUTORELEASING = YES;
				CLANG_WARN_BOOL_CONVERSION = YES;
				CLANG_WARN_COMMA = YES;
				CLANG_WARN_CONSTANT_CONVERSION = YES;
				CLANG_WARN_DEPRECATED_OBJC_IMPLEMENTATIONS = YES;
				CLANG_WARN_DIRECT_OBJC_ISA_USAGE = YES_ERROR;
				CLANG_WARN_DOCUMENTATION_COMMENTS = YES;
				CLANG_WARN_EMPTY_BODY = YES;
				CLANG_WARN_ENUM_CONVERSION = YES;
				CLANG_WARN_INFINITE_RECURSION = YES;
				CLANG_WARN_INT_CONVERSION = YES;
				CLANG_WARN_NON_LITERAL_NULL_CONVERSION = YES;
				CLANG_WARN_OBJC_IMPLICIT_RETAIN_SELF = YES;
				CLANG_WARN_OBJC_LITERAL_CONVERSION = YES;
				CLANG_WARN_OBJC_ROOT_CLASS = YES_ERROR;
				CLANG_WARN_QUOTED_INCLUDE_IN_FRAMEWORK_HEADER = YES;
				CLANG_WARN_RANGE_LOOP_ANALYSIS = YES;
				CLANG_WARN_STRICT_PROTOTYPES = YES;
				CLANG_WARN_SUSPICIOUS_MOVE = YES;
				CLANG_WARN_UNGUARDED_AVAILABILITY = YES_AGGRESSIVE;
				CLANG_WARN_UNREACHABLE_CODE = YES;
				CLANG_WARN__DUPLICATE_METHOD_MATCH = YES;
				COPY_PHASE_STRIP = NO;
				DEBUG_INFORMATION_FORMAT = dwarf;
				ENABLE_STRICT_OBJC_MSGSEND = YES;
				ENABLE_TESTABILITY = YES;
				GCC_C_LANGUAGE_STANDARD = gnu11;
				GCC_DYNAMIC_NO_PIC = NO;
				GCC_NO_COMMON_BLOCKS = YES;
				GCC_OPTIMIZATION_LEVEL = 0;
				GCC_PREPROCESSOR_DEFINITIONS = (
					"DEBUG=1",
					"$(inherited)",
				);
				GCC_WARN_64_TO_32_BIT_CONVERSION = YES;
				GCC_WARN_ABOUT_RETURN_TYPE = YES_ERROR;
				GCC_WARN_UNDECLARED_SELECTOR = YES;
				GCC_WARN_UNINITIALIZED_AUTOS = YES_AGGRESSIVE;
				GCC_WARN_UNUSED_FUNCTION = YES;
				GCC_WARN_UNUSED_VARIABLE = YES;
				MACOSX_DEPLOYMENT_TARGET = 13.1;
				MTL_ENABLE_DEBUG_INFO = INCLUDE_SOURCE;
				MTL_FAST_MATH = YES;
				ONLY_ACTIVE_ARCH = YES;
				SDKROOT = macosx;
				SWIFT_ACTIVE_COMPILATION_CONDITIONS = DEBUG;
				SWIFT_OPTIMIZATION_LEVEL = "-Onone";
			};
			name = Debug;
		};
		21007D09296B8D3F00D1A44B /* Release */ = {
			isa = XCBuildConfiguration;
			buildSettings = {
				ALWAYS_SEARCH_USER_PATHS = NO;
				CLANG_ANALYZER_NONNULL = YES;
				CLANG_ANALYZER_NUMBER_OBJECT_CONVERSION = YES_AGGRESSIVE;
				CLANG_CXX_LANGUAGE_STANDARD = "gnu++20";
				CLANG_ENABLE_MODULES = YES;
				CLANG_ENABLE_OBJC_ARC = YES;
				CLANG_ENABLE_OBJC_WEAK = YES;
				CLANG_WARN_BLOCK_CAPTURE_AUTORELEASING = YES;
				CLANG_WARN_BOOL_CONVERSION = YES;
				CLANG_WARN_COMMA = YES;
				CLANG_WARN_CONSTANT_CONVERSION = YES;
				CLANG_WARN_DEPRECATED_OBJC_IMPLEMENTATIONS = YES;
				CLANG_WARN_DIRECT_OBJC_ISA_USAGE = YES_ERROR;
				CLANG_WARN_DOCUMENTATION_COMMENTS = YES;
				CLANG_WARN_EMPTY_BODY = YES;
				CLANG_WARN_ENUM_CONVERSION = YES;
				CLANG_WARN_INFINITE_RECURSION = YES;
				CLANG_WARN_INT_CONVERSION = YES;
				CLANG_WARN_NON_LITERAL_NULL_CONVERSION = YES;
				CLANG_WARN_OBJC_IMPLICIT_RETAIN_SELF = YES;
				CLANG_WARN_OBJC_LITERAL_CONVERSION = YES;
				CLANG_WARN_OBJC_ROOT_CLASS = YES_ERROR;
				CLANG_WARN_QUOTED_INCLUDE_IN_FRAMEWORK_HEADER = YES;
				CLANG_WARN_RANGE_LOOP_ANALYSIS = YES;
				CLANG_WARN_STRICT_PROTOTYPES = YES;
				CLANG_WARN_SUSPICIOUS_MOVE = YES;
				CLANG_WARN_UNGUARDED_AVAILABILITY = YES_AGGRESSIVE;
				CLANG_WARN_UNREACHABLE_CODE = YES;
				CLANG_WARN__DUPLICATE_METHOD_MATCH = YES;
				COPY_PHASE_STRIP = NO;
				DEBUG_INFORMATION_FORMAT = "dwarf-with-dsym";
				ENABLE_NS_ASSERTIONS = NO;
				ENABLE_STRICT_OBJC_MSGSEND = YES;
				GCC_C_LANGUAGE_STANDARD = gnu11;
				GCC_NO_COMMON_BLOCKS = YES;
				GCC_WARN_64_TO_32_BIT_CONVERSION = YES;
				GCC_WARN_ABOUT_RETURN_TYPE = YES_ERROR;
				GCC_WARN_UNDECLARED_SELECTOR = YES;
				GCC_WARN_UNINITIALIZED_AUTOS = YES_AGGRESSIVE;
				GCC_WARN_UNUSED_FUNCTION = YES;
				GCC_WARN_UNUSED_VARIABLE = YES;
				MACOSX_DEPLOYMENT_TARGET = 13.1;
				MTL_ENABLE_DEBUG_INFO = NO;
				MTL_FAST_MATH = YES;
				SDKROOT = macosx;
				SWIFT_COMPILATION_MODE = wholemodule;
				SWIFT_OPTIMIZATION_LEVEL = "-O";
			};
			name = Release;
		};
		21007D1C296B8D5D00D1A44B /* Debug */ = {
			isa = XCBuildConfiguration;
			buildSettings = {
				CODE_SIGN_STYLE = Automatic;
				DEVELOPMENT_TEAM = 372S63A2R8;
				ENABLE_HARDENED_RUNTIME = YES;
				PRODUCT_NAME = "$(TARGET_NAME)";
				SWIFT_VERSION = 5.0;
			};
			name = Debug;
		};
		21007D1D296B8D5D00D1A44B /* Release */ = {
			isa = XCBuildConfiguration;
			buildSettings = {
				CODE_SIGN_STYLE = Automatic;
				DEVELOPMENT_TEAM = 372S63A2R8;
				ENABLE_HARDENED_RUNTIME = YES;
				PRODUCT_NAME = "$(TARGET_NAME)";
				SWIFT_VERSION = 5.0;
			};
			name = Release;
		};
		21007D54296BAF4800D1A44B /* Debug */ = {
			isa = XCBuildConfiguration;
			buildSettings = {
				ASSETCATALOG_COMPILER_APPICON_NAME = "red-on-white";
				ASSETCATALOG_COMPILER_GLOBAL_ACCENT_COLOR_NAME = AccentColor;
				ASSETCATALOG_COMPILER_INCLUDE_ALL_APPICON_ASSETS = YES;
				CODE_SIGN_STYLE = Automatic;
				CURRENT_PROJECT_VERSION = 1;
				DEVELOPMENT_TEAM = 372S63A2R8;
				GENERATE_INFOPLIST_FILE = YES;
				INFOPLIST_FILE = Icons/Info.plist;
				INFOPLIST_KEY_UIApplicationSupportsIndirectInputEvents = YES;
				INFOPLIST_KEY_UILaunchStoryboardName = LaunchScreen;
				INFOPLIST_KEY_UIMainStoryboardFile = "";
				INFOPLIST_KEY_UISupportedInterfaceOrientations_iPad = "UIInterfaceOrientationPortrait UIInterfaceOrientationPortraitUpsideDown UIInterfaceOrientationLandscapeLeft UIInterfaceOrientationLandscapeRight";
				INFOPLIST_KEY_UISupportedInterfaceOrientations_iPhone = "UIInterfaceOrientationPortrait UIInterfaceOrientationLandscapeLeft UIInterfaceOrientationLandscapeRight";
				IPHONEOS_DEPLOYMENT_TARGET = 16.2;
				LD_RUNPATH_SEARCH_PATHS = (
					"$(inherited)",
					"@executable_path/Frameworks",
				);
				MARKETING_VERSION = 1.0;
				PRODUCT_BUNDLE_IDENTIFIER = com.goldenhillsoftware.Icons;
				PRODUCT_NAME = "$(TARGET_NAME)";
				SDKROOT = iphoneos;
				SWIFT_EMIT_LOC_STRINGS = YES;
				SWIFT_VERSION = 5.0;
				TARGETED_DEVICE_FAMILY = "1,2";
			};
			name = Debug;
		};
		21007D55296BAF4800D1A44B /* Release */ = {
			isa = XCBuildConfiguration;
			buildSettings = {
				ASSETCATALOG_COMPILER_APPICON_NAME = "red-on-white";
				ASSETCATALOG_COMPILER_GLOBAL_ACCENT_COLOR_NAME = AccentColor;
				ASSETCATALOG_COMPILER_INCLUDE_ALL_APPICON_ASSETS = YES;
				CODE_SIGN_STYLE = Automatic;
				CURRENT_PROJECT_VERSION = 1;
				DEVELOPMENT_TEAM = 372S63A2R8;
				GENERATE_INFOPLIST_FILE = YES;
				INFOPLIST_FILE = Icons/Info.plist;
				INFOPLIST_KEY_UIApplicationSupportsIndirectInputEvents = YES;
				INFOPLIST_KEY_UILaunchStoryboardName = LaunchScreen;
				INFOPLIST_KEY_UIMainStoryboardFile = "";
				INFOPLIST_KEY_UISupportedInterfaceOrientations_iPad = "UIInterfaceOrientationPortrait UIInterfaceOrientationPortraitUpsideDown UIInterfaceOrientationLandscapeLeft UIInterfaceOrientationLandscapeRight";
				INFOPLIST_KEY_UISupportedInterfaceOrientations_iPhone = "UIInterfaceOrientationPortrait UIInterfaceOrientationLandscapeLeft UIInterfaceOrientationLandscapeRight";
				IPHONEOS_DEPLOYMENT_TARGET = 16.2;
				LD_RUNPATH_SEARCH_PATHS = (
					"$(inherited)",
					"@executable_path/Frameworks",
				);
				MARKETING_VERSION = 1.0;
				PRODUCT_BUNDLE_IDENTIFIER = com.goldenhillsoftware.Icons;
				PRODUCT_NAME = "$(TARGET_NAME)";
				SDKROOT = iphoneos;
				SWIFT_EMIT_LOC_STRINGS = YES;
				SWIFT_VERSION = 5.0;
				TARGETED_DEVICE_FAMILY = "1,2";
				VALIDATE_PRODUCT = YES;
			};
			name = Release;
		};
		21007D57296BAF4800D1A44B /* Debug */ = {
			isa = XCBuildConfiguration;
			buildSettings = {
				ALWAYS_EMBED_SWIFT_STANDARD_LIBRARIES = YES;
				BUNDLE_LOADER = "$(TEST_HOST)";
				CODE_SIGN_STYLE = Automatic;
				CURRENT_PROJECT_VERSION = 1;
				DEVELOPMENT_TEAM = 372S63A2R8;
				GENERATE_INFOPLIST_FILE = YES;
				IPHONEOS_DEPLOYMENT_TARGET = 16.2;
				MARKETING_VERSION = 1.0;
				PRODUCT_BUNDLE_IDENTIFIER = com.goldenhillsoftware.IconsTests;
				PRODUCT_NAME = "$(TARGET_NAME)";
				SDKROOT = iphoneos;
				SWIFT_EMIT_LOC_STRINGS = NO;
				SWIFT_VERSION = 5.0;
				TARGETED_DEVICE_FAMILY = "1,2";
				TEST_HOST = "$(BUILT_PRODUCTS_DIR)/Icons.app/$(BUNDLE_EXECUTABLE_FOLDER_PATH)/Icons";
			};
			name = Debug;
		};
		21007D58296BAF4800D1A44B /* Release */ = {
			isa = XCBuildConfiguration;
			buildSettings = {
				ALWAYS_EMBED_SWIFT_STANDARD_LIBRARIES = YES;
				BUNDLE_LOADER = "$(TEST_HOST)";
				CODE_SIGN_STYLE = Automatic;
				CURRENT_PROJECT_VERSION = 1;
				DEVELOPMENT_TEAM = 372S63A2R8;
				GENERATE_INFOPLIST_FILE = YES;
				IPHONEOS_DEPLOYMENT_TARGET = 16.2;
				MARKETING_VERSION = 1.0;
				PRODUCT_BUNDLE_IDENTIFIER = com.goldenhillsoftware.IconsTests;
				PRODUCT_NAME = "$(TARGET_NAME)";
				SDKROOT = iphoneos;
				SWIFT_EMIT_LOC_STRINGS = NO;
				SWIFT_VERSION = 5.0;
				TARGETED_DEVICE_FAMILY = "1,2";
				TEST_HOST = "$(BUILT_PRODUCTS_DIR)/Icons.app/$(BUNDLE_EXECUTABLE_FOLDER_PATH)/Icons";
				VALIDATE_PRODUCT = YES;
			};
			name = Release;
		};
/* End XCBuildConfiguration section */

/* Begin XCConfigurationList section */
		21007CE0296B8D3E00D1A44B /* Build configuration list for PBXProject "Icons" */ = {
			isa = XCConfigurationList;
			buildConfigurations = (
				21007D08296B8D3F00D1A44B /* Debug */,
				21007D09296B8D3F00D1A44B /* Release */,
			);
			defaultConfigurationIsVisible = 0;
			defaultConfigurationName = Release;
		};
		21007D1B296B8D5D00D1A44B /* Build configuration list for PBXNativeTarget "IconFileGenerator" */ = {
			isa = XCConfigurationList;
			buildConfigurations = (
				21007D1C296B8D5D00D1A44B /* Debug */,
				21007D1D296B8D5D00D1A44B /* Release */,
			);
			defaultConfigurationIsVisible = 0;
			defaultConfigurationName = Release;
		};
		21007D53296BAF4800D1A44B /* Build configuration list for PBXNativeTarget "Icons" */ = {
			isa = XCConfigurationList;
			buildConfigurations = (
				21007D54296BAF4800D1A44B /* Debug */,
				21007D55296BAF4800D1A44B /* Release */,
			);
			defaultConfigurationIsVisible = 0;
			defaultConfigurationName = Release;
		};
		21007D56296BAF4800D1A44B /* Build configuration list for PBXNativeTarget "IconsTests" */ = {
			isa = XCConfigurationList;
			buildConfigurations = (
				21007D57296BAF4800D1A44B /* Debug */,
				21007D58296BAF4800D1A44B /* Release */,
			);
			defaultConfigurationIsVisible = 0;
			defaultConfigurationName = Release;
		};
/* End XCConfigurationList section */
	};
	rootObject = 21007CDD296B8D3E00D1A44B /* Project object */;
}
