// !$*UTF8*$!
{
	archiveVersion = 1;
	classes = {
	};
	objectVersion = 56;
	objects = {

/* Begin PBXBuildFile section */
		21007D1A296B8D5D00D1A44B /* main.swift in Sources */ = {isa = PBXBuildFile; fileRef = 21007D19296B8D5D00D1A44B /* main.swift */; };
		21007D21296B935800D1A44B /* JBIconVariation.swift in Sources */ = {isa = PBXBuildFile; fileRef = 21007D1F296B8F6A00D1A44B /* JBIconVariation.swift */; };
		21007D23296B9E9000D1A44B /* NSImage+pngData.swift in Sources */ = {isa = PBXBuildFile; fileRef = 21007D22296B9E9000D1A44B /* NSImage+pngData.swift */; };
		21007D25296B9F3300D1A44B /* JBColor+NSColor.swift in Sources */ = {isa = PBXBuildFile; fileRef = 21007D24296B9F3300D1A44B /* JBColor+NSColor.swift */; };
		21007D27296BA70000D1A44B /* JBColor.swift in Sources */ = {isa = PBXBuildFile; fileRef = 21007D26296BA70000D1A44B /* JBColor.swift */; };
/* End PBXBuildFile section */

/* Begin PBXCopyFilesBuildPhase section */
		21007D15296B8D5D00D1A44B /* CopyFiles */ = {
			isa = PBXCopyFilesBuildPhase;
			buildActionMask = 2147483647;
			dstPath = /usr/share/man/man1/;
			dstSubfolderSpec = 0;
			files = (
			);
			runOnlyForDeploymentPostprocessing = 1;
		};
/* End PBXCopyFilesBuildPhase section */

/* Begin PBXFileReference section */
		21007D17296B8D5D00D1A44B /* IconFileGenerator */ = {isa = PBXFileReference; explicitFileType = "compiled.mach-o.executable"; includeInIndex = 0; path = IconFileGenerator; sourceTree = BUILT_PRODUCTS_DIR; };
		21007D19296B8D5D00D1A44B /* main.swift */ = {isa = PBXFileReference; lastKnownFileType = sourcecode.swift; path = main.swift; sourceTree = "<group>"; };
		21007D1F296B8F6A00D1A44B /* JBIconVariation.swift */ = {isa = PBXFileReference; lastKnownFileType = sourcecode.swift; path = JBIconVariation.swift; sourceTree = "<group>"; };
		21007D22296B9E9000D1A44B /* NSImage+pngData.swift */ = {isa = PBXFileReference; lastKnownFileType = sourcecode.swift; path = "NSImage+pngData.swift"; sourceTree = "<group>"; };
		21007D24296B9F3300D1A44B /* JBColor+NSColor.swift */ = {isa = PBXFileReference; lastKnownFileType = sourcecode.swift; path = "JBColor+NSColor.swift"; sourceTree = "<group>"; };
		21007D26296BA70000D1A44B /* JBColor.swift */ = {isa = PBXFileReference; lastKnownFileType = sourcecode.swift; path = JBColor.swift; sourceTree = "<group>"; };
/* End PBXFileReference section */

/* Begin PBXFrameworksBuildPhase section */
		21007D14296B8D5D00D1A44B /* Frameworks */ = {
			isa = PBXFrameworksBuildPhase;
			buildActionMask = 2147483647;
			files = (
			);
			runOnlyForDeploymentPostprocessing = 0;
		};
/* End PBXFrameworksBuildPhase section */

/* Begin PBXGroup section */
		21007CDC296B8D3E00D1A44B = {
			isa = PBXGroup;
			children = (
				21007D18296B8D5D00D1A44B /* IconFileGenerator */,
				21007D1E296B8F3300D1A44B /* Shared */,
				21007CE6296B8D3E00D1A44B /* Products */,
			);
			sourceTree = "<group>";
		};
		21007CE6296B8D3E00D1A44B /* Products */ = {
			isa = PBXGroup;
			children = (
				21007D17296B8D5D00D1A44B /* IconFileGenerator */,
			);
			name = Products;
			sourceTree = "<group>";
		};
		21007D18296B8D5D00D1A44B /* IconFileGenerator */ = {
			isa = PBXGroup;
			children = (
				21007D19296B8D5D00D1A44B /* main.swift */,
				21007D22296B9E9000D1A44B /* NSImage+pngData.swift */,
				21007D24296B9F3300D1A44B /* JBColor+NSColor.swift */,
			);
			path = IconFileGenerator;
			sourceTree = "<group>";
		};
		21007D1E296B8F3300D1A44B /* Shared */ = {
			isa = PBXGroup;
			children = (
				21007D1F296B8F6A00D1A44B /* JBIconVariation.swift */,
				21007D26296BA70000D1A44B /* JBColor.swift */,
			);
			path = Shared;
			sourceTree = "<group>";
		};
/* End PBXGroup section */

/* Begin PBXNativeTarget section */
		21007D16296B8D5D00D1A44B /* IconFileGenerator */ = {
			isa = PBXNativeTarget;
			buildConfigurationList = 21007D1B296B8D5D00D1A44B /* Build configuration list for PBXNativeTarget "IconFileGenerator" */;
			buildPhases = (
				21007D13296B8D5D00D1A44B /* Sources */,
				21007D14296B8D5D00D1A44B /* Frameworks */,
				21007D15296B8D5D00D1A44B /* CopyFiles */,
			);
			buildRules = (
			);
			dependencies = (
			);
			name = IconFileGenerator;
			productName = IconFileGenerator;
			productReference = 21007D17296B8D5D00D1A44B /* IconFileGenerator */;
			productType = "com.apple.product-type.tool";
		};
/* End PBXNativeTarget section */

/* Begin PBXProject section */
		21007CDD296B8D3E00D1A44B /* Project object */ = {
			isa = PBXProject;
			attributes = {
				BuildIndependentTargetsInParallel = 1;
				LastSwiftUpdateCheck = 1420;
				LastUpgradeCheck = 1420;
				TargetAttributes = {
					21007D16296B8D5D00D1A44B = {
						CreatedOnToolsVersion = 14.2;
					};
				};
			};
			buildConfigurationList = 21007CE0296B8D3E00D1A44B /* Build configuration list for PBXProject "Icons" */;
			compatibilityVersion = "Xcode 14.0";
			developmentRegion = en;
			hasScannedForEncodings = 0;
			knownRegions = (
				en,
				Base,
			);
			mainGroup = 21007CDC296B8D3E00D1A44B;
			productRefGroup = 21007CE6296B8D3E00D1A44B /* Products */;
			projectDirPath = "";
			projectRoot = "";
			targets = (
				21007D16296B8D5D00D1A44B /* IconFileGenerator */,
			);
		};
/* End PBXProject section */

/* Begin PBXSourcesBuildPhase section */
		21007D13296B8D5D00D1A44B /* Sources */ = {
			isa = PBXSourcesBuildPhase;
			buildActionMask = 2147483647;
			files = (
				21007D21296B935800D1A44B /* JBIconVariation.swift in Sources */,
				21007D27296BA70000D1A44B /* JBColor.swift in Sources */,
				21007D1A296B8D5D00D1A44B /* main.swift in Sources */,
				21007D25296B9F3300D1A44B /* JBColor+NSColor.swift in Sources */,
				21007D23296B9E9000D1A44B /* NSImage+pngData.swift in Sources */,
			);
			runOnlyForDeploymentPostprocessing = 0;
		};
/* End PBXSourcesBuildPhase section */

/* Begin XCBuildConfiguration section */
		21007D08296B8D3F00D1A44B /* Debug */ = {
			isa = XCBuildConfiguration;
			buildSettings = {
				ALWAYS_SEARCH_USER_PATHS = NO;
				CLANG_ANALYZER_NONNULL = YES;
				CLANG_ANALYZER_NUMBER_OBJECT_CONVERSION = YES_AGGRESSIVE;
				CLANG_CXX_LANGUAGE_STANDARD = "gnu++20";
				CLANG_ENABLE_MODULES = YES;
				CLANG_ENABLE_OBJC_ARC = YES;
				CLANG_ENABLE_OBJC_WEAK = YES;
				CLANG_WARN_BLOCK_CAPTURE_AUTORELEASING = YES;
				CLANG_WARN_BOOL_CONVERSION = YES;
				CLANG_WARN_COMMA = YES;
				CLANG_WARN_CONSTANT_CONVERSION = YES;
				CLANG_WARN_DEPRECATED_OBJC_IMPLEMENTATIONS = YES;
				CLANG_WARN_DIRECT_OBJC_ISA_USAGE = YES_ERROR;
				CLANG_WARN_DOCUMENTATION_COMMENTS = YES;
				CLANG_WARN_EMPTY_BODY = YES;
				CLANG_WARN_ENUM_CONVERSION = YES;
				CLANG_WARN_INFINITE_RECURSION = YES;
				CLANG_WARN_INT_CONVERSION = YES;
				CLANG_WARN_NON_LITERAL_NULL_CONVERSION = YES;
				CLANG_WARN_OBJC_IMPLICIT_RETAIN_SELF = YES;
				CLANG_WARN_OBJC_LITERAL_CONVERSION = YES;
				CLANG_WARN_OBJC_ROOT_CLASS = YES_ERROR;
				CLANG_WARN_QUOTED_INCLUDE_IN_FRAMEWORK_HEADER = YES;
				CLANG_WARN_RANGE_LOOP_ANALYSIS = YES;
				CLANG_WARN_STRICT_PROTOTYPES = YES;
				CLANG_WARN_SUSPICIOUS_MOVE = YES;
				CLANG_WARN_UNGUARDED_AVAILABILITY = YES_AGGRESSIVE;
				CLANG_WARN_UNREACHABLE_CODE = YES;
				CLANG_WARN__DUPLICATE_METHOD_MATCH = YES;
				COPY_PHASE_STRIP = NO;
				DEBUG_INFORMATION_FORMAT = dwarf;
				ENABLE_STRICT_OBJC_MSGSEND = YES;
				ENABLE_TESTABILITY = YES;
				GCC_C_LANGUAGE_STANDARD = gnu11;
				GCC_DYNAMIC_NO_PIC = NO;
				GCC_NO_COMMON_BLOCKS = YES;
				GCC_OPTIMIZATION_LEVEL = 0;
				GCC_PREPROCESSOR_DEFINITIONS = (
					"DEBUG=1",
					"$(inherited)",
				);
				GCC_WARN_64_TO_32_BIT_CONVERSION = YES;
				GCC_WARN_ABOUT_RETURN_TYPE = YES_ERROR;
				GCC_WARN_UNDECLARED_SELECTOR = YES;
				GCC_WARN_UNINITIALIZED_AUTOS = YES_AGGRESSIVE;
				GCC_WARN_UNUSED_FUNCTION = YES;
				GCC_WARN_UNUSED_VARIABLE = YES;
				MACOSX_DEPLOYMENT_TARGET = 13.1;
				MTL_ENABLE_DEBUG_INFO = INCLUDE_SOURCE;
				MTL_FAST_MATH = YES;
				ONLY_ACTIVE_ARCH = YES;
				SDKROOT = macosx;
				SWIFT_ACTIVE_COMPILATION_CONDITIONS = DEBUG;
				SWIFT_OPTIMIZATION_LEVEL = "-Onone";
			};
			name = Debug;
		};
		21007D09296B8D3F00D1A44B /* Release */ = {
			isa = XCBuildConfiguration;
			buildSettings = {
				ALWAYS_SEARCH_USER_PATHS = NO;
				CLANG_ANALYZER_NONNULL = YES;
				CLANG_ANALYZER_NUMBER_OBJECT_CONVERSION = YES_AGGRESSIVE;
				CLANG_CXX_LANGUAGE_STANDARD = "gnu++20";
				CLANG_ENABLE_MODULES = YES;
				CLANG_ENABLE_OBJC_ARC = YES;
				CLANG_ENABLE_OBJC_WEAK = YES;
				CLANG_WARN_BLOCK_CAPTURE_AUTORELEASING = YES;
				CLANG_WARN_BOOL_CONVERSION = YES;
				CLANG_WARN_COMMA = YES;
				CLANG_WARN_CONSTANT_CONVERSION = YES;
				CLANG_WARN_DEPRECATED_OBJC_IMPLEMENTATIONS = YES;
				CLANG_WARN_DIRECT_OBJC_ISA_USAGE = YES_ERROR;
				CLANG_WARN_DOCUMENTATION_COMMENTS = YES;
				CLANG_WARN_EMPTY_BODY = YES;
				CLANG_WARN_ENUM_CONVERSION = YES;
				CLANG_WARN_INFINITE_RECURSION = YES;
				CLANG_WARN_INT_CONVERSION = YES;
				CLANG_WARN_NON_LITERAL_NULL_CONVERSION = YES;
				CLANG_WARN_OBJC_IMPLICIT_RETAIN_SELF = YES;
				CLANG_WARN_OBJC_LITERAL_CONVERSION = YES;
				CLANG_WARN_OBJC_ROOT_CLASS = YES_ERROR;
				CLANG_WARN_QUOTED_INCLUDE_IN_FRAMEWORK_HEADER = YES;
				CLANG_WARN_RANGE_LOOP_ANALYSIS = YES;
				CLANG_WARN_STRICT_PROTOTYPES = YES;
				CLANG_WARN_SUSPICIOUS_MOVE = YES;
				CLANG_WARN_UNGUARDED_AVAILABILITY = YES_AGGRESSIVE;
				CLANG_WARN_UNREACHABLE_CODE = YES;
				CLANG_WARN__DUPLICATE_METHOD_MATCH = YES;
				COPY_PHASE_STRIP = NO;
				DEBUG_INFORMATION_FORMAT = "dwarf-with-dsym";
				ENABLE_NS_ASSERTIONS = NO;
				ENABLE_STRICT_OBJC_MSGSEND = YES;
				GCC_C_LANGUAGE_STANDARD = gnu11;
				GCC_NO_COMMON_BLOCKS = YES;
				GCC_WARN_64_TO_32_BIT_CONVERSION = YES;
				GCC_WARN_ABOUT_RETURN_TYPE = YES_ERROR;
				GCC_WARN_UNDECLARED_SELECTOR = YES;
				GCC_WARN_UNINITIALIZED_AUTOS = YES_AGGRESSIVE;
				GCC_WARN_UNUSED_FUNCTION = YES;
				GCC_WARN_UNUSED_VARIABLE = YES;
				MACOSX_DEPLOYMENT_TARGET = 13.1;
				MTL_ENABLE_DEBUG_INFO = NO;
				MTL_FAST_MATH = YES;
				SDKROOT = macosx;
				SWIFT_COMPILATION_MODE = wholemodule;
				SWIFT_OPTIMIZATION_LEVEL = "-O";
			};
			name = Release;
		};
		21007D1C296B8D5D00D1A44B /* Debug */ = {
			isa = XCBuildConfiguration;
			buildSettings = {
				CODE_SIGN_STYLE = Automatic;
				DEVELOPMENT_TEAM = 372S63A2R8;
				ENABLE_HARDENED_RUNTIME = YES;
				PRODUCT_NAME = "$(TARGET_NAME)";
				SWIFT_VERSION = 5.0;
			};
			name = Debug;
		};
		21007D1D296B8D5D00D1A44B /* Release */ = {
			isa = XCBuildConfiguration;
			buildSettings = {
				CODE_SIGN_STYLE = Automatic;
				DEVELOPMENT_TEAM = 372S63A2R8;
				ENABLE_HARDENED_RUNTIME = YES;
				PRODUCT_NAME = "$(TARGET_NAME)";
				SWIFT_VERSION = 5.0;
			};
			name = Release;
		};
/* End XCBuildConfiguration section */

/* Begin XCConfigurationList section */
		21007CE0296B8D3E00D1A44B /* Build configuration list for PBXProject "Icons" */ = {
			isa = XCConfigurationList;
			buildConfigurations = (
				21007D08296B8D3F00D1A44B /* Debug */,
				21007D09296B8D3F00D1A44B /* Release */,
			);
			defaultConfigurationIsVisible = 0;
			defaultConfigurationName = Release;
		};
		21007D1B296B8D5D00D1A44B /* Build configuration list for PBXNativeTarget "IconFileGenerator" */ = {
			isa = XCConfigurationList;
			buildConfigurations = (
				21007D1C296B8D5D00D1A44B /* Debug */,
				21007D1D296B8D5D00D1A44B /* Release */,
			);
			defaultConfigurationIsVisible = 0;
			defaultConfigurationName = Release;
		};
/* End XCConfigurationList section */
	};
	rootObject = 21007CDD296B8D3E00D1A44B /* Project object */;
}
